
Microsoft Visual Studio Solution File, Format Version 12.00
# Visual Studio Version 17
VisualStudioVersion = 17.9.34607.119
MinimumVisualStudioVersion = 10.0.40219.1
Project("{FAE04EC0-301F-11D3-BF4B-00C04F79EFBC}") = "SZGYA-2024-09-20-WPF-Palma", "SZGYA-2024-09-20-WPF-Palma\SZGYA-2024-09-20-WPF-Palma.csproj", "{C02D1849-7A4C-49A0-AB07-8346F5A9B46D}"
EndProject
Global
	GlobalSection(SolutionConfigurationPlatforms) = preSolution
		Debug|Any CPU = Debug|Any CPU
		Release|Any CPU = Release|Any CPU
	EndGlobalSection
	GlobalSection(ProjectConfigurationPlatforms) = postSolution
		{C02D1849-7A4C-49A0-AB07-8346F5A9B46D}.Debug|Any CPU.ActiveCfg = Debug|Any CPU
		{C02D1849-7A4C-49A0-AB07-8346F5A9B46D}.Debug|Any CPU.Build.0 = Debug|Any CPU
		{C02D1849-7A4C-49A0-AB07-8346F5A9B46D}.Release|Any CPU.ActiveCfg = Release|Any CPU
		{C02D1849-7A4C-49A0-AB07-8346F5A9B46D}.Release|Any CPU.Build.0 = Release|Any CPU
	EndGlobalSection
	GlobalSection(SolutionProperties) = preSolution
		HideSolutionNode = FALSE
	EndGlobalSection
	GlobalSection(ExtensibilityGlobals) = postSolution
		SolutionGuid = {2C3735C3-5E56-470C-A6CF-6B41EE7582F4}
	EndGlobalSection
EndGlobal
